// !$*UTF8*$!
{
	archiveVersion = 1;
	classes = {
	};
	objectVersion = 50;
	objects = {

/* Begin PBXBuildFile section */
		61BA2E1A2EF78688DD2AC9E3 /* Pods_Contact_List.framework in Frameworks */ = {isa = PBXBuildFile; fileRef = AE19807478EC7D9045ED2E2F /* Pods_Contact_List.framework */; };
		ABC0B437212AE1FF00157B11 /* Alert.swift in Sources */ = {isa = PBXBuildFile; fileRef = ABC0B436212AE1FF00157B11 /* Alert.swift */; };
		ABC0B43A212BE5F600157B11 /* Localizable.strings in Resources */ = {isa = PBXBuildFile; fileRef = ABC0B438212BE5F600157B11 /* Localizable.strings */; };
		ABC0B43F212C04B400157B11 /* DefaultCell.swift in Sources */ = {isa = PBXBuildFile; fileRef = ABC0B43E212C04B400157B11 /* DefaultCell.swift */; };
		ABC29BE3212D26AA00945270 /* ContactDetailCell.swift in Sources */ = {isa = PBXBuildFile; fileRef = ABC29BE2212D26A900945270 /* ContactDetailCell.swift */; };
		ABCF6EDB2133C95A004E2831 /* DetailCellViewModel.swift in Sources */ = {isa = PBXBuildFile; fileRef = ABCF6EDA2133C95A004E2831 /* DetailCellViewModel.swift */; };
		ABCF6EDF213403C9004E2831 /* UIColor+AppColors.swift in Sources */ = {isa = PBXBuildFile; fileRef = ABCF6EDE213403C9004E2831 /* UIColor+AppColors.swift */; };
		ABEB6E4F212742BD0029E248 /* AppDelegate.swift in Sources */ = {isa = PBXBuildFile; fileRef = ABEB6E4E212742BD0029E248 /* AppDelegate.swift */; };
		ABEB6E51212742BD0029E248 /* ContactsListController.swift in Sources */ = {isa = PBXBuildFile; fileRef = ABEB6E50212742BD0029E248 /* ContactsListController.swift */; };
		ABEB6E56212742BE0029E248 /* Assets.xcassets in Resources */ = {isa = PBXBuildFile; fileRef = ABEB6E55212742BE0029E248 /* Assets.xcassets */; };
		ABEB6E59212742BE0029E248 /* LaunchScreen.storyboard in Resources */ = {isa = PBXBuildFile; fileRef = ABEB6E57212742BE0029E248 /* LaunchScreen.storyboard */; };
		ABEB6E6B21292D120029E248 /* ContactsListViewModelProtocol.swift in Sources */ = {isa = PBXBuildFile; fileRef = ABEB6E6A21292D120029E248 /* ContactsListViewModelProtocol.swift */; };
		ABEB6E6D21292D950029E248 /* ContactTableCellViewModelProtocol.swift in Sources */ = {isa = PBXBuildFile; fileRef = ABEB6E6C21292D950029E248 /* ContactTableCellViewModelProtocol.swift */; };
		ABEB6E6F21292DF80029E248 /* ContactDetailViewModelProtocol.swift in Sources */ = {isa = PBXBuildFile; fileRef = ABEB6E6E21292DF80029E248 /* ContactDetailViewModelProtocol.swift */; };
		ABEB6E7121292E420029E248 /* Box.swift in Sources */ = {isa = PBXBuildFile; fileRef = ABEB6E7021292E420029E248 /* Box.swift */; };
		ABEB6E7321294B620029E248 /* ContactTableCell.swift in Sources */ = {isa = PBXBuildFile; fileRef = ABEB6E7221294B620029E248 /* ContactTableCell.swift */; };
		ABEB6E7521294E590029E248 /* Constant.swift in Sources */ = {isa = PBXBuildFile; fileRef = ABEB6E7421294E590029E248 /* Constant.swift */; };
		ABEB6E772129617D0029E248 /* Contact.swift in Sources */ = {isa = PBXBuildFile; fileRef = ABEB6E762129617D0029E248 /* Contact.swift */; };
		ABEB6E7921296CA00029E248 /* ContactTableCellViewModel.swift in Sources */ = {isa = PBXBuildFile; fileRef = ABEB6E7821296CA00029E248 /* ContactTableCellViewModel.swift */; };
		ABEB6E7B21296F260029E248 /* ContactsListViewModel.swift in Sources */ = {isa = PBXBuildFile; fileRef = ABEB6E7A21296F260029E248 /* ContactsListViewModel.swift */; };
		ABEB6E7D2129BCF70029E248 /* ContactDetailViewController.swift in Sources */ = {isa = PBXBuildFile; fileRef = ABEB6E7C2129BCF70029E248 /* ContactDetailViewController.swift */; };
		ABEB6E7F2129BEDD0029E248 /* ContactImageView.swift in Sources */ = {isa = PBXBuildFile; fileRef = ABEB6E7E2129BEDD0029E248 /* ContactImageView.swift */; };
		ABEB6E812129C8E80029E248 /* ContactDetailViewModel.swift in Sources */ = {isa = PBXBuildFile; fileRef = ABEB6E802129C8E80029E248 /* ContactDetailViewModel.swift */; };
/* End PBXBuildFile section */

/* Begin PBXFileReference section */
		497DD1C0C9DB7F607D233B87 /* Pods-Contact List.release.xcconfig */ = {isa = PBXFileReference; includeInIndex = 1; lastKnownFileType = text.xcconfig; name = "Pods-Contact List.release.xcconfig"; path = "Pods/Target Support Files/Pods-Contact List/Pods-Contact List.release.xcconfig"; sourceTree = "<group>"; };
		ABC0B436212AE1FF00157B11 /* Alert.swift */ = {isa = PBXFileReference; lastKnownFileType = sourcecode.swift; path = Alert.swift; sourceTree = "<group>"; };
		ABC0B439212BE5F600157B11 /* fr */ = {isa = PBXFileReference; lastKnownFileType = text.plist.strings; name = fr; path = ../../../../../Downloads/Eateries/Eateries/fr.lproj/Localizable.strings; sourceTree = "<group>"; };
		ABC0B43E212C04B400157B11 /* DefaultCell.swift */ = {isa = PBXFileReference; lastKnownFileType = sourcecode.swift; path = DefaultCell.swift; sourceTree = "<group>"; };
		ABC29BE2212D26A900945270 /* ContactDetailCell.swift */ = {isa = PBXFileReference; fileEncoding = 4; lastKnownFileType = sourcecode.swift; path = ContactDetailCell.swift; sourceTree = "<group>"; };
		ABCF6EDA2133C95A004E2831 /* DetailCellViewModel.swift */ = {isa = PBXFileReference; lastKnownFileType = sourcecode.swift; path = DetailCellViewModel.swift; sourceTree = "<group>"; };
		ABCF6EDE213403C9004E2831 /* UIColor+AppColors.swift */ = {isa = PBXFileReference; lastKnownFileType = sourcecode.swift; path = "UIColor+AppColors.swift"; sourceTree = "<group>"; };
		ABEB6E4B212742BD0029E248 /* Contact List.app */ = {isa = PBXFileReference; explicitFileType = wrapper.application; includeInIndex = 0; path = "Contact List.app"; sourceTree = BUILT_PRODUCTS_DIR; };
		ABEB6E4E212742BD0029E248 /* AppDelegate.swift */ = {isa = PBXFileReference; lastKnownFileType = sourcecode.swift; path = AppDelegate.swift; sourceTree = "<group>"; };
		ABEB6E50212742BD0029E248 /* ContactsListController.swift */ = {isa = PBXFileReference; lastKnownFileType = sourcecode.swift; path = ContactsListController.swift; sourceTree = "<group>"; };
		ABEB6E55212742BE0029E248 /* Assets.xcassets */ = {isa = PBXFileReference; lastKnownFileType = folder.assetcatalog; path = Assets.xcassets; sourceTree = "<group>"; };
		ABEB6E58212742BE0029E248 /* Base */ = {isa = PBXFileReference; lastKnownFileType = file.storyboard; name = Base; path = Base.lproj/LaunchScreen.storyboard; sourceTree = "<group>"; };
		ABEB6E5A212742BE0029E248 /* Info.plist */ = {isa = PBXFileReference; lastKnownFileType = text.plist.xml; path = Info.plist; sourceTree = "<group>"; };
		ABEB6E6A21292D120029E248 /* ContactsListViewModelProtocol.swift */ = {isa = PBXFileReference; lastKnownFileType = sourcecode.swift; path = ContactsListViewModelProtocol.swift; sourceTree = "<group>"; };
		ABEB6E6C21292D950029E248 /* ContactTableCellViewModelProtocol.swift */ = {isa = PBXFileReference; lastKnownFileType = sourcecode.swift; path = ContactTableCellViewModelProtocol.swift; sourceTree = "<group>"; };
		ABEB6E6E21292DF80029E248 /* ContactDetailViewModelProtocol.swift */ = {isa = PBXFileReference; lastKnownFileType = sourcecode.swift; path = ContactDetailViewModelProtocol.swift; sourceTree = "<group>"; };
		ABEB6E7021292E420029E248 /* Box.swift */ = {isa = PBXFileReference; lastKnownFileType = sourcecode.swift; path = Box.swift; sourceTree = "<group>"; };
		ABEB6E7221294B620029E248 /* ContactTableCell.swift */ = {isa = PBXFileReference; lastKnownFileType = sourcecode.swift; path = ContactTableCell.swift; sourceTree = "<group>"; };
		ABEB6E7421294E590029E248 /* Constant.swift */ = {isa = PBXFileReference; lastKnownFileType = sourcecode.swift; path = Constant.swift; sourceTree = "<group>"; };
		ABEB6E762129617D0029E248 /* Contact.swift */ = {isa = PBXFileReference; lastKnownFileType = sourcecode.swift; path = Contact.swift; sourceTree = "<group>"; };
		ABEB6E7821296CA00029E248 /* ContactTableCellViewModel.swift */ = {isa = PBXFileReference; lastKnownFileType = sourcecode.swift; path = ContactTableCellViewModel.swift; sourceTree = "<group>"; };
		ABEB6E7A21296F260029E248 /* ContactsListViewModel.swift */ = {isa = PBXFileReference; lastKnownFileType = sourcecode.swift; path = ContactsListViewModel.swift; sourceTree = "<group>"; };
		ABEB6E7C2129BCF70029E248 /* ContactDetailViewController.swift */ = {isa = PBXFileReference; lastKnownFileType = sourcecode.swift; path = ContactDetailViewController.swift; sourceTree = "<group>"; };
		ABEB6E7E2129BEDD0029E248 /* ContactImageView.swift */ = {isa = PBXFileReference; lastKnownFileType = sourcecode.swift; path = ContactImageView.swift; sourceTree = "<group>"; };
		ABEB6E802129C8E80029E248 /* ContactDetailViewModel.swift */ = {isa = PBXFileReference; lastKnownFileType = sourcecode.swift; path = ContactDetailViewModel.swift; sourceTree = "<group>"; };
		AE19807478EC7D9045ED2E2F /* Pods_Contact_List.framework */ = {isa = PBXFileReference; explicitFileType = wrapper.framework; includeInIndex = 0; path = Pods_Contact_List.framework; sourceTree = BUILT_PRODUCTS_DIR; };
		F821CC05F3F7CFBC84A2282A /* Pods-Contact List.debug.xcconfig */ = {isa = PBXFileReference; includeInIndex = 1; lastKnownFileType = text.xcconfig; name = "Pods-Contact List.debug.xcconfig"; path = "Pods/Target Support Files/Pods-Contact List/Pods-Contact List.debug.xcconfig"; sourceTree = "<group>"; };
/* End PBXFileReference section */

/* Begin PBXFrameworksBuildPhase section */
		ABEB6E48212742BD0029E248 /* Frameworks */ = {
			isa = PBXFrameworksBuildPhase;
			buildActionMask = 2147483647;
			files = (
				61BA2E1A2EF78688DD2AC9E3 /* Pods_Contact_List.framework in Frameworks */,
			);
			runOnlyForDeploymentPostprocessing = 0;
		};
/* End PBXFrameworksBuildPhase section */

/* Begin PBXGroup section */
		05985070BF1E0FE69732D5CC /* Frameworks */ = {
			isa = PBXGroup;
			children = (
				AE19807478EC7D9045ED2E2F /* Pods_Contact_List.framework */,
			);
			name = Frameworks;
			sourceTree = "<group>";
		};
		8544D5443BFA1B9064E5B60C /* Pods */ = {
			isa = PBXGroup;
			children = (
				F821CC05F3F7CFBC84A2282A /* Pods-Contact List.debug.xcconfig */,
				497DD1C0C9DB7F607D233B87 /* Pods-Contact List.release.xcconfig */,
			);
			name = Pods;
			sourceTree = "<group>";
		};
		ABC0B435212AE1F000157B11 /* Base */ = {
			isa = PBXGroup;
			children = (
				ABC0B436212AE1FF00157B11 /* Alert.swift */,
				ABC0B43E212C04B400157B11 /* DefaultCell.swift */,
			);
			path = Base;
			sourceTree = "<group>";
		};
		ABC0B43B212C035D00157B11 /* ContactDetailCell */ = {
			isa = PBXGroup;
			children = (
				ABC29BE2212D26A900945270 /* ContactDetailCell.swift */,
				ABCF6EDA2133C95A004E2831 /* DetailCellViewModel.swift */,
			);
			path = ContactDetailCell;
			sourceTree = "<group>";
		};
		ABEB6E42212742BD0029E248 = {
			isa = PBXGroup;
			children = (
				ABEB6E4D212742BD0029E248 /* Contact List */,
				ABEB6E4C212742BD0029E248 /* Products */,
				8544D5443BFA1B9064E5B60C /* Pods */,
				05985070BF1E0FE69732D5CC /* Frameworks */,
			);
			sourceTree = "<group>";
		};
		ABEB6E4C212742BD0029E248 /* Products */ = {
			isa = PBXGroup;
			children = (
				ABEB6E4B212742BD0029E248 /* Contact List.app */,
			);
			name = Products;
			sourceTree = "<group>";
		};
		ABEB6E4D212742BD0029E248 /* Contact List */ = {
			isa = PBXGroup;
			children = (
				ABC0B435212AE1F000157B11 /* Base */,
				ABEB6E60212742F90029E248 /* View Controllers */,
				ABEB6E64212743F20029E248 /* Model */,
				ABEB6E682127447A0029E248 /* Helpers */,
				ABEB6E67212744560029E248 /* Extensions */,
				ABEB6E662127442D0029E248 /* Protocols */,
				ABEB6E4E212742BD0029E248 /* AppDelegate.swift */,
				ABC0B438212BE5F600157B11 /* Localizable.strings */,
				ABEB6E55212742BE0029E248 /* Assets.xcassets */,
				ABEB6E57212742BE0029E248 /* LaunchScreen.storyboard */,
				ABEB6E5A212742BE0029E248 /* Info.plist */,
			);
			path = "Contact List";
			sourceTree = "<group>";
		};
		ABEB6E60212742F90029E248 /* View Controllers */ = {
			isa = PBXGroup;
			children = (
				ABEB6E62212743C30029E248 /* ContactDetailViewController */,
				ABEB6E61212743070029E248 /* ContactsTableViewController */,
			);
			path = "View Controllers";
			sourceTree = "<group>";
		};
		ABEB6E61212743070029E248 /* ContactsTableViewController */ = {
			isa = PBXGroup;
			children = (
				ABEB6E50212742BD0029E248 /* ContactsListController.swift */,
				ABEB6E7A21296F260029E248 /* ContactsListViewModel.swift */,
				ABEB6E63212743DF0029E248 /* ContactCell */,
			);
			path = ContactsTableViewController;
			sourceTree = "<group>";
		};
		ABEB6E62212743C30029E248 /* ContactDetailViewController */ = {
			isa = PBXGroup;
			children = (
				ABEB6E802129C8E80029E248 /* ContactDetailViewModel.swift */,
				ABEB6E7C2129BCF70029E248 /* ContactDetailViewController.swift */,
				ABEB6E65212744040029E248 /* ContactDetailView */,
				ABC0B43B212C035D00157B11 /* ContactDetailCell */,
			);
			path = ContactDetailViewController;
			sourceTree = "<group>";
		};
		ABEB6E63212743DF0029E248 /* ContactCell */ = {
			isa = PBXGroup;
			children = (
				ABEB6E7221294B620029E248 /* ContactTableCell.swift */,
				ABEB6E7821296CA00029E248 /* ContactTableCellViewModel.swift */,
			);
			path = ContactCell;
			sourceTree = "<group>";
		};
		ABEB6E64212743F20029E248 /* Model */ = {
			isa = PBXGroup;
			children = (
				ABEB6E762129617D0029E248 /* Contact.swift */,
			);
			path = Model;
			sourceTree = "<group>";
		};
		ABEB6E65212744040029E248 /* ContactDetailView */ = {
			isa = PBXGroup;
			children = (
				ABEB6E7E2129BEDD0029E248 /* ContactImageView.swift */,
			);
			path = ContactDetailView;
			sourceTree = "<group>";
		};
		ABEB6E662127442D0029E248 /* Protocols */ = {
			isa = PBXGroup;
			children = (
				ABEB6E6A21292D120029E248 /* ContactsListViewModelProtocol.swift */,
				ABEB6E6C21292D950029E248 /* ContactTableCellViewModelProtocol.swift */,
				ABEB6E6E21292DF80029E248 /* ContactDetailViewModelProtocol.swift */,
			);
			path = Protocols;
			sourceTree = "<group>";
		};
		ABEB6E67212744560029E248 /* Extensions */ = {
			isa = PBXGroup;
			children = (
				ABCF6EDE213403C9004E2831 /* UIColor+AppColors.swift */,
			);
			path = Extensions;
			sourceTree = "<group>";
		};
		ABEB6E682127447A0029E248 /* Helpers */ = {
			isa = PBXGroup;
			children = (
				ABEB6E7021292E420029E248 /* Box.swift */,
				ABEB6E7421294E590029E248 /* Constant.swift */,
			);
			path = Helpers;
			sourceTree = "<group>";
		};
/* End PBXGroup section */

/* Begin PBXNativeTarget section */
		ABEB6E4A212742BD0029E248 /* Contact List */ = {
			isa = PBXNativeTarget;
			buildConfigurationList = ABEB6E5D212742BE0029E248 /* Build configuration list for PBXNativeTarget "Contact List" */;
			buildPhases = (
				40A3C2AADCF979FC632F0D5C /* [CP] Check Pods Manifest.lock */,
				ABEB6E47212742BD0029E248 /* Sources */,
				ABEB6E48212742BD0029E248 /* Frameworks */,
				ABEB6E49212742BD0029E248 /* Resources */,
				1A8D654E5393CFA976321668 /* [CP] Embed Pods Frameworks */,
				ABEB6E69212747E50029E248 /* Run Script (swiftlint) */,
			);
			buildRules = (
			);
			dependencies = (
			);
			name = "Contact List";
			productName = "Contact List";
			productReference = ABEB6E4B212742BD0029E248 /* Contact List.app */;
			productType = "com.apple.product-type.application";
		};
/* End PBXNativeTarget section */

/* Begin PBXProject section */
		ABEB6E43212742BD0029E248 /* Project object */ = {
			isa = PBXProject;
			attributes = {
				LastSwiftUpdateCheck = 0930;
				LastUpgradeCheck = 0930;
				ORGANIZATIONNAME = "Pavel Kurilov";
				TargetAttributes = {
					ABEB6E4A212742BD0029E248 = {
						CreatedOnToolsVersion = 9.3;
					};
				};
			};
			buildConfigurationList = ABEB6E46212742BD0029E248 /* Build configuration list for PBXProject "Contact List" */;
			compatibilityVersion = "Xcode 9.3";
			developmentRegion = en;
			hasScannedForEncodings = 0;
			knownRegions = (
				en,
				Base,
				fr,
			);
			mainGroup = ABEB6E42212742BD0029E248;
			productRefGroup = ABEB6E4C212742BD0029E248 /* Products */;
			projectDirPath = "";
			projectRoot = "";
			targets = (
				ABEB6E4A212742BD0029E248 /* Contact List */,
			);
		};
/* End PBXProject section */

/* Begin PBXResourcesBuildPhase section */
		ABEB6E49212742BD0029E248 /* Resources */ = {
			isa = PBXResourcesBuildPhase;
			buildActionMask = 2147483647;
			files = (
				ABEB6E59212742BE0029E248 /* LaunchScreen.storyboard in Resources */,
				ABC0B43A212BE5F600157B11 /* Localizable.strings in Resources */,
				ABEB6E56212742BE0029E248 /* Assets.xcassets in Resources */,
			);
			runOnlyForDeploymentPostprocessing = 0;
		};
/* End PBXResourcesBuildPhase section */

/* Begin PBXShellScriptBuildPhase section */
		1A8D654E5393CFA976321668 /* [CP] Embed Pods Frameworks */ = {
			isa = PBXShellScriptBuildPhase;
			buildActionMask = 2147483647;
			files = (
			);
			inputPaths = (
				"${SRCROOT}/Pods/Target Support Files/Pods-Contact List/Pods-Contact List-frameworks.sh",
				"${BUILT_PRODUCTS_DIR}/KRActivityIndicatorView/KRActivityIndicatorView.framework",
				"${BUILT_PRODUCTS_DIR}/KRProgressHUD/KRProgressHUD.framework",
				"${BUILT_PRODUCTS_DIR}/SnapKit/SnapKit.framework",
			);
			name = "[CP] Embed Pods Frameworks";
			outputPaths = (
				"${TARGET_BUILD_DIR}/${FRAMEWORKS_FOLDER_PATH}/KRActivityIndicatorView.framework",
				"${TARGET_BUILD_DIR}/${FRAMEWORKS_FOLDER_PATH}/KRProgressHUD.framework",
				"${TARGET_BUILD_DIR}/${FRAMEWORKS_FOLDER_PATH}/SnapKit.framework",
			);
			runOnlyForDeploymentPostprocessing = 0;
			shellPath = /bin/sh;
			shellScript = "\"${SRCROOT}/Pods/Target Support Files/Pods-Contact List/Pods-Contact List-frameworks.sh\"\n";
			showEnvVarsInLog = 0;
		};
		40A3C2AADCF979FC632F0D5C /* [CP] Check Pods Manifest.lock */ = {
			isa = PBXShellScriptBuildPhase;
			buildActionMask = 2147483647;
			files = (
			);
			inputPaths = (
				"${PODS_PODFILE_DIR_PATH}/Podfile.lock",
				"${PODS_ROOT}/Manifest.lock",
			);
			name = "[CP] Check Pods Manifest.lock";
			outputPaths = (
				"$(DERIVED_FILE_DIR)/Pods-Contact List-checkManifestLockResult.txt",
			);
			runOnlyForDeploymentPostprocessing = 0;
			shellPath = /bin/sh;
			shellScript = "diff \"${PODS_PODFILE_DIR_PATH}/Podfile.lock\" \"${PODS_ROOT}/Manifest.lock\" > /dev/null\nif [ $? != 0 ] ; then\n    # print error to STDERR\n    echo \"error: The sandbox is not in sync with the Podfile.lock. Run 'pod install' or update your CocoaPods installation.\" >&2\n    exit 1\nfi\n# This output is used by Xcode 'outputs' to avoid re-running this script phase.\necho \"SUCCESS\" > \"${SCRIPT_OUTPUT_FILE_0}\"\n";
			showEnvVarsInLog = 0;
		};
		ABEB6E69212747E50029E248 /* Run Script (swiftlint) */ = {
			isa = PBXShellScriptBuildPhase;
			buildActionMask = 2147483647;
			files = (
			);
			inputPaths = (
			);
			name = "Run Script (swiftlint)";
			outputPaths = (
			);
			runOnlyForDeploymentPostprocessing = 0;
			shellPath = /bin/sh;
			shellScript = "if which swiftlint >/dev/null; then\nswiftlint\nelse\necho \"error: SwiftLint does not exist, download it from https://github.com/realm/SwiftLint\"\nexit 1\nfi";
		};
/* End PBXShellScriptBuildPhase section */

/* Begin PBXSourcesBuildPhase section */
		ABEB6E47212742BD0029E248 /* Sources */ = {
			isa = PBXSourcesBuildPhase;
			buildActionMask = 2147483647;
			files = (
				ABEB6E7921296CA00029E248 /* ContactTableCellViewModel.swift in Sources */,
				ABCF6EDF213403C9004E2831 /* UIColor+AppColors.swift in Sources */,
				ABC29BE3212D26AA00945270 /* ContactDetailCell.swift in Sources */,
				ABEB6E772129617D0029E248 /* Contact.swift in Sources */,
				ABEB6E812129C8E80029E248 /* ContactDetailViewModel.swift in Sources */,
				ABC0B437212AE1FF00157B11 /* Alert.swift in Sources */,
				ABEB6E6D21292D950029E248 /* ContactTableCellViewModelProtocol.swift in Sources */,
				ABEB6E51212742BD0029E248 /* ContactsListController.swift in Sources */,
				ABCF6EDB2133C95A004E2831 /* DetailCellViewModel.swift in Sources */,
				ABEB6E6B21292D120029E248 /* ContactsListViewModelProtocol.swift in Sources */,
				ABEB6E7F2129BEDD0029E248 /* ContactImageView.swift in Sources */,
				ABEB6E7121292E420029E248 /* Box.swift in Sources */,
				ABC0B43F212C04B400157B11 /* DefaultCell.swift in Sources */,
				ABEB6E6F21292DF80029E248 /* ContactDetailViewModelProtocol.swift in Sources */,
				ABEB6E7321294B620029E248 /* ContactTableCell.swift in Sources */,
				ABEB6E7B21296F260029E248 /* ContactsListViewModel.swift in Sources */,
				ABEB6E4F212742BD0029E248 /* AppDelegate.swift in Sources */,
				ABEB6E7D2129BCF70029E248 /* ContactDetailViewController.swift in Sources */,
				ABEB6E7521294E590029E248 /* Constant.swift in Sources */,
			);
			runOnlyForDeploymentPostprocessing = 0;
		};
/* End PBXSourcesBuildPhase section */

/* Begin PBXVariantGroup section */
		ABC0B438212BE5F600157B11 /* Localizable.strings */ = {
			isa = PBXVariantGroup;
			children = (
				ABC0B439212BE5F600157B11 /* fr */,
			);
			name = Localizable.strings;
			sourceTree = "<group>";
		};
		ABEB6E57212742BE0029E248 /* LaunchScreen.storyboard */ = {
			isa = PBXVariantGroup;
			children = (
				ABEB6E58212742BE0029E248 /* Base */,
			);
			name = LaunchScreen.storyboard;
			sourceTree = "<group>";
		};
/* End PBXVariantGroup section */

/* Begin XCBuildConfiguration section */
		ABEB6E5B212742BE0029E248 /* Debug */ = {
			isa = XCBuildConfiguration;
			buildSettings = {
				ALWAYS_SEARCH_USER_PATHS = NO;
				CLANG_ANALYZER_NONNULL = YES;
				CLANG_ANALYZER_NUMBER_OBJECT_CONVERSION = YES_AGGRESSIVE;
				CLANG_CXX_LANGUAGE_STANDARD = "gnu++14";
				CLANG_CXX_LIBRARY = "libc++";
				CLANG_ENABLE_MODULES = YES;
				CLANG_ENABLE_OBJC_ARC = YES;
				CLANG_ENABLE_OBJC_WEAK = YES;
				CLANG_WARN_BLOCK_CAPTURE_AUTORELEASING = YES;
				CLANG_WARN_BOOL_CONVERSION = YES;
				CLANG_WARN_COMMA = YES;
				CLANG_WARN_CONSTANT_CONVERSION = YES;
				CLANG_WARN_DEPRECATED_OBJC_IMPLEMENTATIONS = YES;
				CLANG_WARN_DIRECT_OBJC_ISA_USAGE = YES_ERROR;
				CLANG_WARN_DOCUMENTATION_COMMENTS = YES;
				CLANG_WARN_EMPTY_BODY = YES;
				CLANG_WARN_ENUM_CONVERSION = YES;
				CLANG_WARN_INFINITE_RECURSION = YES;
				CLANG_WARN_INT_CONVERSION = YES;
				CLANG_WARN_NON_LITERAL_NULL_CONVERSION = YES;
				CLANG_WARN_OBJC_IMPLICIT_RETAIN_SELF = YES;
				CLANG_WARN_OBJC_LITERAL_CONVERSION = YES;
				CLANG_WARN_OBJC_ROOT_CLASS = YES_ERROR;
				CLANG_WARN_RANGE_LOOP_ANALYSIS = YES;
				CLANG_WARN_STRICT_PROTOTYPES = YES;
				CLANG_WARN_SUSPICIOUS_MOVE = YES;
				CLANG_WARN_UNGUARDED_AVAILABILITY = YES_AGGRESSIVE;
				CLANG_WARN_UNREACHABLE_CODE = YES;
				CLANG_WARN__DUPLICATE_METHOD_MATCH = YES;
				CODE_SIGN_IDENTITY = "iPhone Developer";
				COPY_PHASE_STRIP = NO;
				DEBUG_INFORMATION_FORMAT = dwarf;
				ENABLE_STRICT_OBJC_MSGSEND = YES;
				ENABLE_TESTABILITY = YES;
				GCC_C_LANGUAGE_STANDARD = gnu11;
				GCC_DYNAMIC_NO_PIC = NO;
				GCC_NO_COMMON_BLOCKS = YES;
				GCC_OPTIMIZATION_LEVEL = 0;
				GCC_PREPROCESSOR_DEFINITIONS = (
					"DEBUG=1",
					"$(inherited)",
				);
				GCC_WARN_64_TO_32_BIT_CONVERSION = YES;
				GCC_WARN_ABOUT_RETURN_TYPE = YES_ERROR;
				GCC_WARN_UNDECLARED_SELECTOR = YES;
				GCC_WARN_UNINITIALIZED_AUTOS = YES_AGGRESSIVE;
				GCC_WARN_UNUSED_FUNCTION = YES;
				GCC_WARN_UNUSED_VARIABLE = YES;
				IPHONEOS_DEPLOYMENT_TARGET = 10.0;
				MTL_ENABLE_DEBUG_INFO = YES;
				ONLY_ACTIVE_ARCH = YES;
				SDKROOT = iphoneos;
				SWIFT_ACTIVE_COMPILATION_CONDITIONS = DEBUG;
				SWIFT_OPTIMIZATION_LEVEL = "-Onone";
			};
			name = Debug;
		};
		ABEB6E5C212742BE0029E248 /* Release */ = {
			isa = XCBuildConfiguration;
			buildSettings = {
				ALWAYS_SEARCH_USER_PATHS = NO;
				CLANG_ANALYZER_NONNULL = YES;
				CLANG_ANALYZER_NUMBER_OBJECT_CONVERSION = YES_AGGRESSIVE;
				CLANG_CXX_LANGUAGE_STANDARD = "gnu++14";
				CLANG_CXX_LIBRARY = "libc++";
				CLANG_ENABLE_MODULES = YES;
				CLANG_ENABLE_OBJC_ARC = YES;
				CLANG_ENABLE_OBJC_WEAK = YES;
				CLANG_WARN_BLOCK_CAPTURE_AUTORELEASING = YES;
				CLANG_WARN_BOOL_CONVERSION = YES;
				CLANG_WARN_COMMA = YES;
				CLANG_WARN_CONSTANT_CONVERSION = YES;
				CLANG_WARN_DEPRECATED_OBJC_IMPLEMENTATIONS = YES;
				CLANG_WARN_DIRECT_OBJC_ISA_USAGE = YES_ERROR;
				CLANG_WARN_DOCUMENTATION_COMMENTS = YES;
				CLANG_WARN_EMPTY_BODY = YES;
				CLANG_WARN_ENUM_CONVERSION = YES;
				CLANG_WARN_INFINITE_RECURSION = YES;
				CLANG_WARN_INT_CONVERSION = YES;
				CLANG_WARN_NON_LITERAL_NULL_CONVERSION = YES;
				CLANG_WARN_OBJC_IMPLICIT_RETAIN_SELF = YES;
				CLANG_WARN_OBJC_LITERAL_CONVERSION = YES;
				CLANG_WARN_OBJC_ROOT_CLASS = YES_ERROR;
				CLANG_WARN_RANGE_LOOP_ANALYSIS = YES;
				CLANG_WARN_STRICT_PROTOTYPES = YES;
				CLANG_WARN_SUSPICIOUS_MOVE = YES;
				CLANG_WARN_UNGUARDED_AVAILABILITY = YES_AGGRESSIVE;
				CLANG_WARN_UNREACHABLE_CODE = YES;
				CLANG_WARN__DUPLICATE_METHOD_MATCH = YES;
				CODE_SIGN_IDENTITY = "iPhone Developer";
				COPY_PHASE_STRIP = NO;
				DEBUG_INFORMATION_FORMAT = "dwarf-with-dsym";
				ENABLE_NS_ASSERTIONS = NO;
				ENABLE_STRICT_OBJC_MSGSEND = YES;
				GCC_C_LANGUAGE_STANDARD = gnu11;
				GCC_NO_COMMON_BLOCKS = YES;
				GCC_WARN_64_TO_32_BIT_CONVERSION = YES;
				GCC_WARN_ABOUT_RETURN_TYPE = YES_ERROR;
				GCC_WARN_UNDECLARED_SELECTOR = YES;
				GCC_WARN_UNINITIALIZED_AUTOS = YES_AGGRESSIVE;
				GCC_WARN_UNUSED_FUNCTION = YES;
				GCC_WARN_UNUSED_VARIABLE = YES;
				IPHONEOS_DEPLOYMENT_TARGET = 10.0;
				MTL_ENABLE_DEBUG_INFO = NO;
				SDKROOT = iphoneos;
				SWIFT_COMPILATION_MODE = wholemodule;
				SWIFT_OPTIMIZATION_LEVEL = "-O";
				VALIDATE_PRODUCT = YES;
			};
			name = Release;
		};
		ABEB6E5E212742BE0029E248 /* Debug */ = {
			isa = XCBuildConfiguration;
			baseConfigurationReference = F821CC05F3F7CFBC84A2282A /* Pods-Contact List.debug.xcconfig */;
			buildSettings = {
				ASSETCATALOG_COMPILER_APPICON_NAME = AppIcon;
				CODE_SIGN_STYLE = Automatic;
				DEVELOPMENT_TEAM = R22NV699R6;
				INFOPLIST_FILE = "Contact List/Info.plist";
				IPHONEOS_DEPLOYMENT_TARGET = 10.0;
				LD_RUNPATH_SEARCH_PATHS = (
					"$(inherited)",
					"@executable_path/Frameworks",
				);
				PRODUCT_BUNDLE_IDENTIFIER = "pavelKurilov.com.Contact-List";
				PRODUCT_NAME = "$(TARGET_NAME)";
				SWIFT_VERSION = 4.0;
				TARGETED_DEVICE_FAMILY = 1;
			};
			name = Debug;
		};
		ABEB6E5F212742BE0029E248 /* Release */ = {
			isa = XCBuildConfiguration;
			baseConfigurationReference = 497DD1C0C9DB7F607D233B87 /* Pods-Contact List.release.xcconfig */;
			buildSettings = {
				ASSETCATALOG_COMPILER_APPICON_NAME = AppIcon;
				CODE_SIGN_STYLE = Automatic;
				DEVELOPMENT_TEAM = R22NV699R6;
				INFOPLIST_FILE = "Contact List/Info.plist";
				IPHONEOS_DEPLOYMENT_TARGET = 10.0;
				LD_RUNPATH_SEARCH_PATHS = (
					"$(inherited)",
					"@executable_path/Frameworks",
				);
				PRODUCT_BUNDLE_IDENTIFIER = "pavelKurilov.com.Contact-List";
				PRODUCT_NAME = "$(TARGET_NAME)";
				SWIFT_VERSION = 4.0;
				TARGETED_DEVICE_FAMILY = 1;
			};
			name = Release;
		};
/* End XCBuildConfiguration section */

/* Begin XCConfigurationList section */
		ABEB6E46212742BD0029E248 /* Build configuration list for PBXProject "Contact List" */ = {
			isa = XCConfigurationList;
			buildConfigurations = (
				ABEB6E5B212742BE0029E248 /* Debug */,
				ABEB6E5C212742BE0029E248 /* Release */,
			);
			defaultConfigurationIsVisible = 0;
			defaultConfigurationName = Release;
		};
		ABEB6E5D212742BE0029E248 /* Build configuration list for PBXNativeTarget "Contact List" */ = {
			isa = XCConfigurationList;
			buildConfigurations = (
				ABEB6E5E212742BE0029E248 /* Debug */,
				ABEB6E5F212742BE0029E248 /* Release */,
			);
			defaultConfigurationIsVisible = 0;
			defaultConfigurationName = Release;
		};
/* End XCConfigurationList section */
	};
	rootObject = ABEB6E43212742BD0029E248 /* Project object */;
}
